
Microsoft Visual Studio Solution File, Format Version 12.00
# Visual Studio Version 16
VisualStudioVersion = 16.0.29709.97
MinimumVisualStudioVersion = 10.0.40219.1
Project("{F184B08F-C81C-45F6-A57F-5ABD9991F28F}") = "ImporToDespX", "ImporToDespX.vbproj", "{94423287-2F07-419C-A9C1-30A7A06E2CCD}"
EndProject
Global
	GlobalSection(SolutionConfigurationPlatforms) = preSolution
		Debug|Any CPU = Debug|Any CPU
		Release|Any CPU = Release|Any CPU
	EndGlobalSection
	GlobalSection(ProjectConfigurationPlatforms) = postSolution
		{94423287-2F07-419C-A9C1-30A7A06E2CCD}.Debug|Any CPU.ActiveCfg = Debug|Any CPU
		{94423287-2F07-419C-A9C1-30A7A06E2CCD}.Debug|Any CPU.Build.0 = Debug|Any CPU
		{94423287-2F07-419C-A9C1-30A7A06E2CCD}.Release|Any CPU.ActiveCfg = Release|Any CPU
		{94423287-2F07-419C-A9C1-30A7A06E2CCD}.Release|Any CPU.Build.0 = Release|Any CPU
	EndGlobalSection
	GlobalSection(SolutionProperties) = preSolution
		HideSolutionNode = FALSE
	EndGlobalSection
	GlobalSection(ExtensibilityGlobals) = postSolution
		SolutionGuid = {B3A8F552-03DA-475C-A0CB-1832E199EA0F}
	EndGlobalSection
EndGlobal
